PODS:
  - Amplify (1.6.1):
    - Amplify/Default (= 1.6.1)
  - Amplify/Default (1.6.1)
  - AmplifyPlugins/AWSAPIPlugin (1.6.1):
    - AppSyncRealTimeClient (~> 1.4.0)
    - AWSCore (~> 2.23.0)
    - AWSPluginsCore (= 1.6.1)
  - AmplifyPlugins/AWSCognitoAuthPlugin (1.6.1):
    - AWSAuthCore (~> 2.23.0)
    - AWSCognitoIdentityProvider (~> 2.23.0)
    - AWSCognitoIdentityProviderASF (~> 2.23.0)
    - AWSCore (~> 2.23.0)
    - AWSMobileClient (~> 2.23.0)
    - AWSPluginsCore (= 1.6.1)
  - AmplifyPlugins/AWSDataStorePlugin (1.6.1):
    - AWSCore (~> 2.23.0)
    - AWSPluginsCore (= 1.6.1)
    - SQLite.swift (~> 0.12.0)
  - AmplifyPlugins/AWSPinpointAnalyticsPlugin (1.6.1):
    - AWSCore (~> 2.23.0)
    - AWSPinpoint (~> 2.23.0)
    - AWSPluginsCore (= 1.6.1)
  - AmplifyPlugins/AWSS3StoragePlugin (1.6.1):
    - AWSCore (~> 2.23.0)
    - AWSPluginsCore (= 1.6.1)
    - AWSS3 (~> 2.23.0)
  - AppSyncRealTimeClient (1.4.3):
    - Starscream (~> 3.1.0)
  - AWSAuthCore (2.23.0):
    - AWSCore (= 2.23.0)
  - AWSCognitoIdentityProvider (2.23.0):
    - AWSCognitoIdentityProviderASF (= 2.23.0)
    - AWSCore (= 2.23.0)
  - AWSCognitoIdentityProviderASF (2.23.0)
  - AWSCore (2.23.0)
  - AWSMobileClient (2.23.0):
    - AWSAuthCore (= 2.23.0)
    - AWSCognitoIdentityProvider (= 2.23.0)
    - AWSCognitoIdentityProviderASF (= 2.23.0)
    - AWSCore (= 2.23.0)
  - AWSPinpoint (2.23.0):
    - AWSCore (= 2.23.0)
  - AWSPluginsCore (1.6.1):
    - Amplify (= 1.6.1)
    - AWSCore (~> 2.23.0)
  - AWSS3 (2.23.0):
    - AWSCore (= 2.23.0)
  - RxBlocking (6.1.0):
    - RxSwift (= 6.1.0)
  - RxCocoa (6.1.0):
    - RxRelay (= 6.1.0)
    - RxSwift (= 6.1.0)
  - RxRelay (6.1.0):
    - RxSwift (= 6.1.0)
  - RxSwift (6.1.0)
  - RxTest (6.1.0):
    - RxSwift (= 6.1.0)
  - SQLite.swift (0.12.2):
    - SQLite.swift/standard (= 0.12.2)
  - SQLite.swift/standard (0.12.2)
  - Starscream (3.1.1)

DEPENDENCIES:
  - Amplify
  - AmplifyPlugins/AWSAPIPlugin
  - AmplifyPlugins/AWSCognitoAuthPlugin
  - AmplifyPlugins/AWSDataStorePlugin
  - AmplifyPlugins/AWSPinpointAnalyticsPlugin
  - AmplifyPlugins/AWSS3StoragePlugin
  - AWSS3
  - RxBlocking (= 6.1.0)
  - RxCocoa (= 6.1.0)
  - RxSwift (= 6.1.0)
  - RxTest (= 6.1.0)

SPEC REPOS:
  trunk:
    - Amplify
    - AmplifyPlugins
    - AppSyncRealTimeClient
    - AWSAuthCore
    - AWSCognitoIdentityProvider
    - AWSCognitoIdentityProviderASF
    - AWSCore
    - AWSMobileClient
    - AWSPinpoint
    - AWSPluginsCore
    - AWSS3
    - RxBlocking
    - RxCocoa
    - RxRelay
    - RxSwift
    - RxTest
    - SQLite.swift
    - Starscream

SPEC CHECKSUMS:
  Amplify: 4d0c3b0871e1f268c81ce5e9b65532df0a013900
  AmplifyPlugins: 51dfaeafe662cd571c4d4dfd3bdc5987fef2d5a7
  AppSyncRealTimeClient: 04df4dffe57cfbd06da336d0bfcd5641ba9adcb5
  AWSAuthCore: 037e5faef3f7a0b4501eddcc382f9c74a22c0a77
  AWSCognitoIdentityProvider: c078ed88e0f8d2df52850acfa2dae91c451ae47e
  AWSCognitoIdentityProviderASF: fa862263b46ce6dcd28b85a906d21874fb28b15a
  AWSCore: 589ad0bd5b72e9a95ce33834f12339b50cfc9f14
  AWSMobileClient: 5701d5ac51ec0de781d848754f9d9952ead1c639
  AWSPinpoint: 434b3c8fd2cca5b2a4c2d60a4609d7eef9a9cd88
  AWSPluginsCore: f41f8a478fe3fd8839ec16278b86dededefb0628
  AWSS3: 7f89c85b958d0979a39069003a2fe06facf78373
  RxBlocking: 602095fba0bce7b16b56ccec89edf780c248b7d9
  RxCocoa: 5c51f02d562cbd94629f6c26cf0c80fe4ab8d343
  RxRelay: 483e1a19fad961b41f0b0c0bee506f46c1ae14fe
  RxSwift: a834e5c538e89eca0cae86f403f4fbf0336786ce
  RxTest: 9d26616eaff4a7e75f4ecae9b2c24840f2e8218d
  SQLite.swift: d2b4642190917051ce6bd1d49aab565fe794eea3
  Starscream: 4bb2f9942274833f7b4d296a55504dcfc7edb7b0

PODFILE CHECKSUM: a25e370b77947755777f6e35c9f0d9a4323e30d8

COCOAPODS: 1.10.1
