PODS:
  - Amplify (1.7.0):
    - Amplify/Default (= 1.7.0)
  - Amplify/Default (1.7.0)
  - AmplifyPlugins/AWSAPIPlugin (1.7.0):
    - AppSyncRealTimeClient (~> 1.4.0)
    - AWSCore (~> 2.23.0)
    - AWSPluginsCore (= 1.7.0)
  - AmplifyPlugins/AWSCognitoAuthPlugin (1.7.0):
    - AWSAuthCore (~> 2.23.0)
    - AWSCognitoIdentityProvider (~> 2.23.0)
    - AWSCognitoIdentityProviderASF (~> 2.23.0)
    - AWSCore (~> 2.23.0)
    - AWSMobileClient (~> 2.23.0)
    - AWSPluginsCore (= 1.7.0)
  - AmplifyPlugins/AWSDataStorePlugin (1.7.0):
    - AWSCore (~> 2.23.0)
    - AWSPluginsCore (= 1.7.0)
    - SQLite.swift (~> 0.12.0)
  - AmplifyPlugins/AWSPinpointAnalyticsPlugin (1.7.0):
    - AWSCore (~> 2.23.0)
    - AWSPinpoint (~> 2.23.0)
    - AWSPluginsCore (= 1.7.0)
  - AmplifyPlugins/AWSS3StoragePlugin (1.7.0):
    - AWSCore (~> 2.23.0)
    - AWSPluginsCore (= 1.7.0)
    - AWSS3 (~> 2.23.0)
  - AppSyncRealTimeClient (1.4.3):
    - Starscream (~> 3.1.0)
  - AWSAuthCore (2.23.2):
    - AWSCore (= 2.23.2)
  - AWSCognitoIdentityProvider (2.23.2):
    - AWSCognitoIdentityProviderASF (= 2.23.2)
    - AWSCore (= 2.23.2)
  - AWSCognitoIdentityProviderASF (2.23.2)
  - AWSCore (2.23.2)
  - AWSMobileClient (2.23.2):
    - AWSAuthCore (= 2.23.2)
    - AWSCognitoIdentityProvider (= 2.23.2)
    - AWSCognitoIdentityProviderASF (= 2.23.2)
    - AWSCore (= 2.23.2)
  - AWSPinpoint (2.23.2):
    - AWSCore (= 2.23.2)
  - AWSPluginsCore (1.7.0):
    - Amplify (= 1.7.0)
    - AWSCore (~> 2.23.0)
  - AWSS3 (2.23.2):
    - AWSCore (= 2.23.2)
  - Cuckoo (1.4.1):
    - Cuckoo/Swift (= 1.4.1)
  - Cuckoo/Swift (1.4.1)
  - RxBlocking (6.1.0):
    - RxSwift (= 6.1.0)
  - RxCocoa (6.1.0):
    - RxRelay (= 6.1.0)
    - RxSwift (= 6.1.0)
  - RxRelay (6.1.0):
    - RxSwift (= 6.1.0)
  - RxSwift (6.1.0)
  - RxTest (6.1.0):
    - RxSwift (= 6.1.0)
  - SettingsAppAccess (1.0.3)
  - Sourcery (1.3.4)
  - Spruce (1.0.0)
  - SQLite.swift (0.12.2):
    - SQLite.swift/standard (= 0.12.2)
  - SQLite.swift/standard (0.12.2)
  - Starscream (3.1.1)
  - SwiftLint (0.43.1)

DEPENDENCIES:
  - Amplify
  - AmplifyPlugins/AWSAPIPlugin
  - AmplifyPlugins/AWSCognitoAuthPlugin
  - AmplifyPlugins/AWSDataStorePlugin
  - AmplifyPlugins/AWSPinpointAnalyticsPlugin
  - AmplifyPlugins/AWSS3StoragePlugin
  - AWSS3
  - Cuckoo
  - RxBlocking (= 6.1.0)
  - RxCocoa (= 6.1.0)
  - RxSwift (= 6.1.0)
  - RxTest (= 6.1.0)
  - SettingsAppAccess
  - Sourcery
  - Spruce (~> 1.0.0)
  - SwiftLint

SPEC REPOS:
  trunk:
    - Amplify
    - AmplifyPlugins
    - AppSyncRealTimeClient
    - AWSAuthCore
    - AWSCognitoIdentityProvider
    - AWSCognitoIdentityProviderASF
    - AWSCore
    - AWSMobileClient
    - AWSPinpoint
    - AWSPluginsCore
    - AWSS3
    - Cuckoo
    - RxBlocking
    - RxCocoa
    - RxRelay
    - RxSwift
    - RxTest
    - SettingsAppAccess
    - Sourcery
    - Spruce
    - SQLite.swift
    - Starscream
    - SwiftLint

SPEC CHECKSUMS:
  Amplify: 4cdf0631faffa42a47dc24affa6d84c555ca2f6a
  AmplifyPlugins: dcf678f54171ce6d6367b79d5149bda5f47d9f9e
  AppSyncRealTimeClient: 04df4dffe57cfbd06da336d0bfcd5641ba9adcb5
  AWSAuthCore: 59770d4c2c1b3dbb183b95d1867e3584b4816e54
  AWSCognitoIdentityProvider: 5bd6988ea7c8f9ee43151e19bdd8e803558ad45f
  AWSCognitoIdentityProviderASF: 30ccb19228b6e743805bf15a72278ca9f399bc21
  AWSCore: 70f79e95ee30f8eefa7122391d76ace516778f22
  AWSMobileClient: 54fd215e76e34a8edb3cb1199788a69543cebc95
  AWSPinpoint: 029f14a743b94d105a6f41ee62cd0240346e7266
  AWSPluginsCore: d4593ef79107b15a02597705b63c9c915a946ee9
  AWSS3: f307717d61880b0470e1f152d3f48a8239ae96cb
  Cuckoo: 4625f7f54d9bb880123270e8969898d6c1d036b5
  RxBlocking: 602095fba0bce7b16b56ccec89edf780c248b7d9
  RxCocoa: 5c51f02d562cbd94629f6c26cf0c80fe4ab8d343
  RxRelay: 483e1a19fad961b41f0b0c0bee506f46c1ae14fe
  RxSwift: a834e5c538e89eca0cae86f403f4fbf0336786ce
  RxTest: 9d26616eaff4a7e75f4ecae9b2c24840f2e8218d
  SettingsAppAccess: 3a189479c2f34796af798241ad421181c30932fb
  Sourcery: 1b5b0f816fbed6d0c7c066786fff4074e470e796
  Spruce: 07ffdb990923f500111fcbf13d102e16075b230e
  SQLite.swift: d2b4642190917051ce6bd1d49aab565fe794eea3
  Starscream: 4bb2f9942274833f7b4d296a55504dcfc7edb7b0
  SwiftLint: 99f82d07b837b942dd563c668de129a03fc3fb52

PODFILE CHECKSUM: ab44c26309c26acf2d35e042db7c1ee89e44a634

COCOAPODS: 1.10.1
