PODS:
  - Amplify (1.6.1):
    - Amplify/Default (= 1.6.1)
  - Amplify/Default (1.6.1)
  - AmplifyPlugins/AWSAPIPlugin (1.6.1):
    - AppSyncRealTimeClient (~> 1.4.0)
    - AWSCore (~> 2.23.0)
    - AWSPluginsCore (= 1.6.1)
  - AmplifyPlugins/AWSCognitoAuthPlugin (1.6.1):
    - AWSAuthCore (~> 2.23.0)
    - AWSCognitoIdentityProvider (~> 2.23.0)
    - AWSCognitoIdentityProviderASF (~> 2.23.0)
    - AWSCore (~> 2.23.0)
    - AWSMobileClient (~> 2.23.0)
    - AWSPluginsCore (= 1.6.1)
  - AmplifyPlugins/AWSDataStorePlugin (1.6.1):
    - AWSCore (~> 2.23.0)
    - AWSPluginsCore (= 1.6.1)
    - SQLite.swift (~> 0.12.0)
  - AmplifyPlugins/AWSPinpointAnalyticsPlugin (1.6.1):
    - AWSCore (~> 2.23.0)
    - AWSPinpoint (~> 2.23.0)
    - AWSPluginsCore (= 1.6.1)
  - AmplifyPlugins/AWSS3StoragePlugin (1.6.1):
    - AWSCore (~> 2.23.0)
    - AWSPluginsCore (= 1.6.1)
    - AWSS3 (~> 2.23.0)
  - AppSyncRealTimeClient (1.4.3):
    - Starscream (~> 3.1.0)
  - AWSAuthCore (2.23.1):
    - AWSCore (= 2.23.1)
  - AWSCognitoIdentityProvider (2.23.1):
    - AWSCognitoIdentityProviderASF (= 2.23.1)
    - AWSCore (= 2.23.1)
  - AWSCognitoIdentityProviderASF (2.23.1)
  - AWSCore (2.23.1)
  - AWSMobileClient (2.23.1):
    - AWSAuthCore (= 2.23.1)
    - AWSCognitoIdentityProvider (= 2.23.1)
    - AWSCognitoIdentityProviderASF (= 2.23.1)
    - AWSCore (= 2.23.1)
  - AWSPinpoint (2.23.1):
    - AWSCore (= 2.23.1)
  - AWSPluginsCore (1.6.1):
    - Amplify (= 1.6.1)
    - AWSCore (~> 2.23.0)
  - AWSS3 (2.23.1):
    - AWSCore (= 2.23.1)
  - Cuckoo (1.4.1):
    - Cuckoo/Swift (= 1.4.1)
  - Cuckoo/Swift (1.4.1)
  - RxBlocking (6.1.0):
    - RxSwift (= 6.1.0)
  - RxCocoa (6.1.0):
    - RxRelay (= 6.1.0)
    - RxSwift (= 6.1.0)
  - RxRelay (6.1.0):
    - RxSwift (= 6.1.0)
  - RxSwift (6.1.0)
  - RxTest (6.1.0):
    - RxSwift (= 6.1.0)
  - SettingsAppAccess (1.0.3)
  - Sourcery (1.3.4)
  - SQLite.swift (0.12.2):
    - SQLite.swift/standard (= 0.12.2)
  - SQLite.swift/standard (0.12.2)
  - Starscream (3.1.1)
  - SwiftLint (0.43.0)

DEPENDENCIES:
  - Amplify
  - AmplifyPlugins/AWSAPIPlugin
  - AmplifyPlugins/AWSCognitoAuthPlugin
  - AmplifyPlugins/AWSDataStorePlugin
  - AmplifyPlugins/AWSPinpointAnalyticsPlugin
  - AmplifyPlugins/AWSS3StoragePlugin
  - AWSS3
  - Cuckoo
  - RxBlocking (= 6.1.0)
  - RxCocoa (= 6.1.0)
  - RxSwift (= 6.1.0)
  - RxTest (= 6.1.0)
  - SettingsAppAccess
  - Sourcery
  - SwiftLint

SPEC REPOS:
  trunk:
    - Amplify
    - AmplifyPlugins
    - AppSyncRealTimeClient
    - AWSAuthCore
    - AWSCognitoIdentityProvider
    - AWSCognitoIdentityProviderASF
    - AWSCore
    - AWSMobileClient
    - AWSPinpoint
    - AWSPluginsCore
    - AWSS3
    - Cuckoo
    - RxBlocking
    - RxCocoa
    - RxRelay
    - RxSwift
    - RxTest
    - SettingsAppAccess
    - Sourcery
    - SQLite.swift
    - Starscream
    - SwiftLint

SPEC CHECKSUMS:
  Amplify: 4d0c3b0871e1f268c81ce5e9b65532df0a013900
  AmplifyPlugins: 51dfaeafe662cd571c4d4dfd3bdc5987fef2d5a7
  AppSyncRealTimeClient: 04df4dffe57cfbd06da336d0bfcd5641ba9adcb5
  AWSAuthCore: d9f9c418df00f45f399e407dc6c2bce33870b0af
  AWSCognitoIdentityProvider: 8bf316cc96554d4c88ca4b1dcae0589923fb95f5
  AWSCognitoIdentityProviderASF: f9b0d373dfce6d5395f0b69f2301f5db927d9fc8
  AWSCore: 48bf561f5fb3616ef42c1f7f3eeb4b502d11f69d
  AWSMobileClient: ffe1179b9e6d5db7cea3f807df7d47f5d00a5c65
  AWSPinpoint: a89df232548a0634def16dc4963d8493ff07c2a1
  AWSPluginsCore: f41f8a478fe3fd8839ec16278b86dededefb0628
  AWSS3: 66bf4071639d0bebaec10e7b6587712df5f05a26
  Cuckoo: 4625f7f54d9bb880123270e8969898d6c1d036b5
  RxBlocking: 602095fba0bce7b16b56ccec89edf780c248b7d9
  RxCocoa: 5c51f02d562cbd94629f6c26cf0c80fe4ab8d343
  RxRelay: 483e1a19fad961b41f0b0c0bee506f46c1ae14fe
  RxSwift: a834e5c538e89eca0cae86f403f4fbf0336786ce
  RxTest: 9d26616eaff4a7e75f4ecae9b2c24840f2e8218d
  SettingsAppAccess: 3a189479c2f34796af798241ad421181c30932fb
  Sourcery: 1b5b0f816fbed6d0c7c066786fff4074e470e796
  SQLite.swift: d2b4642190917051ce6bd1d49aab565fe794eea3
  Starscream: 4bb2f9942274833f7b4d296a55504dcfc7edb7b0
  SwiftLint: 0c645fdc6feed3e390c1701ab3cc669f88b42752

PODFILE CHECKSUM: 6f1b45d9ed26d90f1424631862af08288f5ba5a0

COCOAPODS: 1.10.1
